
Microsoft Visual Studio Solution File, Format Version 12.00
# Visual Studio Version 16
VisualStudioVersion = 16.0.29728.190
MinimumVisualStudioVersion = 10.0.40219.1
Project("{9A19103F-16F7-4668-BE54-9A1E7A4F7556}") = "OnlineLibrary", "OnlineLibrary\OnlineLibrary.csproj", "{C9394C43-8DDB-4FD1-8230-DD3D72EDDBF5}"
EndProject
Project("{2150E333-8FDC-42A3-9474-1A3956D46DE8}") = "Solution Items", "Solution Items", "{D1BC2E7F-5F23-4B96-8796-DF4A091D4B51}"
	ProjectSection(SolutionItems) = preProject
		.editorconfig = .editorconfig
	EndProjectSection
EndProject
Global
	GlobalSection(SolutionConfigurationPlatforms) = preSolution
		Debug|Any CPU = Debug|Any CPU
		Release|Any CPU = Release|Any CPU
	EndGlobalSection
	GlobalSection(ProjectConfigurationPlatforms) = postSolution
		{C9394C43-8DDB-4FD1-8230-DD3D72EDDBF5}.Debug|Any CPU.ActiveCfg = Debug|Any CPU
		{C9394C43-8DDB-4FD1-8230-DD3D72EDDBF5}.Debug|Any CPU.Build.0 = Debug|Any CPU
		{C9394C43-8DDB-4FD1-8230-DD3D72EDDBF5}.Release|Any CPU.ActiveCfg = Release|Any CPU
		{C9394C43-8DDB-4FD1-8230-DD3D72EDDBF5}.Release|Any CPU.Build.0 = Release|Any CPU
	EndGlobalSection
	GlobalSection(SolutionProperties) = preSolution
		HideSolutionNode = FALSE
	EndGlobalSection
	GlobalSection(ExtensibilityGlobals) = postSolution
		SolutionGuid = {978CC1EF-177F-4EF2-9829-EF4E1B96B005}
	EndGlobalSection
EndGlobal
